
Microsoft Visual Studio Solution File, Format Version 12.00
# Visual Studio Version 16
VisualStudioVersion = 16.0.29409.12
MinimumVisualStudioVersion = 10.0.40219.1
Project("{8BC9CEB8-8B4A-11D0-8D11-00A0C91BC942}") = "BOJ_5014_StartLink", "BOJ_5014_StartLink\BOJ_5014_StartLink.vcxproj", "{D5D0FFFB-C247-4DC1-9954-830C60E4232E}"
EndProject
Global
	GlobalSection(SolutionConfigurationPlatforms) = preSolution
		Debug|x64 = Debug|x64
		Debug|x86 = Debug|x86
		Release|x64 = Release|x64
		Release|x86 = Release|x86
	EndGlobalSection
	GlobalSection(ProjectConfigurationPlatforms) = postSolution
		{D5D0FFFB-C247-4DC1-9954-830C60E4232E}.Debug|x64.ActiveCfg = Debug|x64
		{D5D0FFFB-C247-4DC1-9954-830C60E4232E}.Debug|x64.Build.0 = Debug|x64
		{D5D0FFFB-C247-4DC1-9954-830C60E4232E}.Debug|x86.ActiveCfg = Debug|Win32
		{D5D0FFFB-C247-4DC1-9954-830C60E4232E}.Debug|x86.Build.0 = Debug|Win32
		{D5D0FFFB-C247-4DC1-9954-830C60E4232E}.Release|x64.ActiveCfg = Release|x64
		{D5D0FFFB-C247-4DC1-9954-830C60E4232E}.Release|x64.Build.0 = Release|x64
		{D5D0FFFB-C247-4DC1-9954-830C60E4232E}.Release|x86.ActiveCfg = Release|Win32
		{D5D0FFFB-C247-4DC1-9954-830C60E4232E}.Release|x86.Build.0 = Release|Win32
	EndGlobalSection
	GlobalSection(SolutionProperties) = preSolution
		HideSolutionNode = FALSE
	EndGlobalSection
	GlobalSection(ExtensibilityGlobals) = postSolution
		SolutionGuid = {A1FD7A13-BA2A-4E89-8714-03F5AA7DA942}
	EndGlobalSection
EndGlobal
