
Microsoft Visual Studio Solution File, Format Version 12.00
# Visual Studio Version 16
VisualStudioVersion = 16.0.29209.62
MinimumVisualStudioVersion = 10.0.40219.1
Project("{8BC9CEB8-8B4A-11D0-8D11-00A0C91BC942}") = "BOJ_2186_CharTable_DFS,DP", "BOJ_2186_CharTable_DFS,DP\BOJ_2186_CharTable_DFS,DP.vcxproj", "{6FFFD757-AEF8-4F00-A6EC-E512262BDA42}"
EndProject
Global
	GlobalSection(SolutionConfigurationPlatforms) = preSolution
		Debug|x64 = Debug|x64
		Debug|x86 = Debug|x86
		Release|x64 = Release|x64
		Release|x86 = Release|x86
	EndGlobalSection
	GlobalSection(ProjectConfigurationPlatforms) = postSolution
		{6FFFD757-AEF8-4F00-A6EC-E512262BDA42}.Debug|x64.ActiveCfg = Debug|x64
		{6FFFD757-AEF8-4F00-A6EC-E512262BDA42}.Debug|x64.Build.0 = Debug|x64
		{6FFFD757-AEF8-4F00-A6EC-E512262BDA42}.Debug|x86.ActiveCfg = Debug|Win32
		{6FFFD757-AEF8-4F00-A6EC-E512262BDA42}.Debug|x86.Build.0 = Debug|Win32
		{6FFFD757-AEF8-4F00-A6EC-E512262BDA42}.Release|x64.ActiveCfg = Release|x64
		{6FFFD757-AEF8-4F00-A6EC-E512262BDA42}.Release|x64.Build.0 = Release|x64
		{6FFFD757-AEF8-4F00-A6EC-E512262BDA42}.Release|x86.ActiveCfg = Release|Win32
		{6FFFD757-AEF8-4F00-A6EC-E512262BDA42}.Release|x86.Build.0 = Release|Win32
	EndGlobalSection
	GlobalSection(SolutionProperties) = preSolution
		HideSolutionNode = FALSE
	EndGlobalSection
	GlobalSection(ExtensibilityGlobals) = postSolution
		SolutionGuid = {CA6A7648-19FE-4618-80D3-2F31D3E16454}
	EndGlobalSection
EndGlobal
