
Microsoft Visual Studio Solution File, Format Version 12.00
# Visual Studio Version 16
VisualStudioVersion = 16.0.29409.12
MinimumVisualStudioVersion = 10.0.40219.1
Project("{8BC9CEB8-8B4A-11D0-8D11-00A0C91BC942}") = "SamsungSWEA_1868_Minesweeper", "SamsungSWEA_1868_Minesweeper\SamsungSWEA_1868_Minesweeper.vcxproj", "{677B4B99-9D44-4F62-8F62-A8ED5B21621E}"
EndProject
Global
	GlobalSection(SolutionConfigurationPlatforms) = preSolution
		Debug|x64 = Debug|x64
		Debug|x86 = Debug|x86
		Release|x64 = Release|x64
		Release|x86 = Release|x86
	EndGlobalSection
	GlobalSection(ProjectConfigurationPlatforms) = postSolution
		{677B4B99-9D44-4F62-8F62-A8ED5B21621E}.Debug|x64.ActiveCfg = Debug|x64
		{677B4B99-9D44-4F62-8F62-A8ED5B21621E}.Debug|x64.Build.0 = Debug|x64
		{677B4B99-9D44-4F62-8F62-A8ED5B21621E}.Debug|x86.ActiveCfg = Debug|Win32
		{677B4B99-9D44-4F62-8F62-A8ED5B21621E}.Debug|x86.Build.0 = Debug|Win32
		{677B4B99-9D44-4F62-8F62-A8ED5B21621E}.Release|x64.ActiveCfg = Release|x64
		{677B4B99-9D44-4F62-8F62-A8ED5B21621E}.Release|x64.Build.0 = Release|x64
		{677B4B99-9D44-4F62-8F62-A8ED5B21621E}.Release|x86.ActiveCfg = Release|Win32
		{677B4B99-9D44-4F62-8F62-A8ED5B21621E}.Release|x86.Build.0 = Release|Win32
	EndGlobalSection
	GlobalSection(SolutionProperties) = preSolution
		HideSolutionNode = FALSE
	EndGlobalSection
	GlobalSection(ExtensibilityGlobals) = postSolution
		SolutionGuid = {95B14912-DC42-4D20-B2EF-016E718FEDCF}
	EndGlobalSection
EndGlobal
