
Microsoft Visual Studio Solution File, Format Version 12.00
# Visual Studio Version 16
VisualStudioVersion = 16.0.29209.62
MinimumVisualStudioVersion = 10.0.40219.1
Project("{8BC9CEB8-8B4A-11D0-8D11-00A0C91BC942}") = "Programers_find number", "Programers_find number\Programers_find number.vcxproj", "{0576719E-D8B5-4B48-B92B-68C177F4F65F}"
EndProject
Global
	GlobalSection(SolutionConfigurationPlatforms) = preSolution
		Debug|x64 = Debug|x64
		Debug|x86 = Debug|x86
		Release|x64 = Release|x64
		Release|x86 = Release|x86
	EndGlobalSection
	GlobalSection(ProjectConfigurationPlatforms) = postSolution
		{0576719E-D8B5-4B48-B92B-68C177F4F65F}.Debug|x64.ActiveCfg = Debug|x64
		{0576719E-D8B5-4B48-B92B-68C177F4F65F}.Debug|x64.Build.0 = Debug|x64
		{0576719E-D8B5-4B48-B92B-68C177F4F65F}.Debug|x86.ActiveCfg = Debug|Win32
		{0576719E-D8B5-4B48-B92B-68C177F4F65F}.Debug|x86.Build.0 = Debug|Win32
		{0576719E-D8B5-4B48-B92B-68C177F4F65F}.Release|x64.ActiveCfg = Release|x64
		{0576719E-D8B5-4B48-B92B-68C177F4F65F}.Release|x64.Build.0 = Release|x64
		{0576719E-D8B5-4B48-B92B-68C177F4F65F}.Release|x86.ActiveCfg = Release|Win32
		{0576719E-D8B5-4B48-B92B-68C177F4F65F}.Release|x86.Build.0 = Release|Win32
	EndGlobalSection
	GlobalSection(SolutionProperties) = preSolution
		HideSolutionNode = FALSE
	EndGlobalSection
	GlobalSection(ExtensibilityGlobals) = postSolution
		SolutionGuid = {7B47F468-921A-4A4E-9573-104D3353128F}
	EndGlobalSection
EndGlobal
