
Microsoft Visual Studio Solution File, Format Version 12.00
# Visual Studio Version 16
VisualStudioVersion = 16.0.29209.62
MinimumVisualStudioVersion = 10.0.40219.1
Project("{8BC9CEB8-8B4A-11D0-8D11-00A0C91BC942}") = "Programmers_Palindrome", "Programmers_Palindrome\Programmers_Palindrome.vcxproj", "{D721C81E-67D6-4CB7-A7A7-336BAED85359}"
EndProject
Global
	GlobalSection(SolutionConfigurationPlatforms) = preSolution
		Debug|x64 = Debug|x64
		Debug|x86 = Debug|x86
		Release|x64 = Release|x64
		Release|x86 = Release|x86
	EndGlobalSection
	GlobalSection(ProjectConfigurationPlatforms) = postSolution
		{D721C81E-67D6-4CB7-A7A7-336BAED85359}.Debug|x64.ActiveCfg = Debug|x64
		{D721C81E-67D6-4CB7-A7A7-336BAED85359}.Debug|x64.Build.0 = Debug|x64
		{D721C81E-67D6-4CB7-A7A7-336BAED85359}.Debug|x86.ActiveCfg = Debug|Win32
		{D721C81E-67D6-4CB7-A7A7-336BAED85359}.Debug|x86.Build.0 = Debug|Win32
		{D721C81E-67D6-4CB7-A7A7-336BAED85359}.Release|x64.ActiveCfg = Release|x64
		{D721C81E-67D6-4CB7-A7A7-336BAED85359}.Release|x64.Build.0 = Release|x64
		{D721C81E-67D6-4CB7-A7A7-336BAED85359}.Release|x86.ActiveCfg = Release|Win32
		{D721C81E-67D6-4CB7-A7A7-336BAED85359}.Release|x86.Build.0 = Release|Win32
	EndGlobalSection
	GlobalSection(SolutionProperties) = preSolution
		HideSolutionNode = FALSE
	EndGlobalSection
	GlobalSection(ExtensibilityGlobals) = postSolution
		SolutionGuid = {31FA4744-AF60-43F5-8770-CB51414F4E30}
	EndGlobalSection
EndGlobal
