
Microsoft Visual Studio Solution File, Format Version 12.00
# Visual Studio Version 16
VisualStudioVersion = 16.0.29409.12
MinimumVisualStudioVersion = 10.0.40219.1
Project("{8BC9CEB8-8B4A-11D0-8D11-00A0C91BC942}") = "SamsungSWEA_3752_PossibleTestScore", "SamsungSWEA_3752_PossibleTestScore\SamsungSWEA_3752_PossibleTestScore.vcxproj", "{67FF640F-61C7-478A-8D80-0555B43A7000}"
EndProject
Global
	GlobalSection(SolutionConfigurationPlatforms) = preSolution
		Debug|x64 = Debug|x64
		Debug|x86 = Debug|x86
		Release|x64 = Release|x64
		Release|x86 = Release|x86
	EndGlobalSection
	GlobalSection(ProjectConfigurationPlatforms) = postSolution
		{67FF640F-61C7-478A-8D80-0555B43A7000}.Debug|x64.ActiveCfg = Debug|x64
		{67FF640F-61C7-478A-8D80-0555B43A7000}.Debug|x64.Build.0 = Debug|x64
		{67FF640F-61C7-478A-8D80-0555B43A7000}.Debug|x86.ActiveCfg = Debug|Win32
		{67FF640F-61C7-478A-8D80-0555B43A7000}.Debug|x86.Build.0 = Debug|Win32
		{67FF640F-61C7-478A-8D80-0555B43A7000}.Release|x64.ActiveCfg = Release|x64
		{67FF640F-61C7-478A-8D80-0555B43A7000}.Release|x64.Build.0 = Release|x64
		{67FF640F-61C7-478A-8D80-0555B43A7000}.Release|x86.ActiveCfg = Release|Win32
		{67FF640F-61C7-478A-8D80-0555B43A7000}.Release|x86.Build.0 = Release|Win32
	EndGlobalSection
	GlobalSection(SolutionProperties) = preSolution
		HideSolutionNode = FALSE
	EndGlobalSection
	GlobalSection(ExtensibilityGlobals) = postSolution
		SolutionGuid = {E390EB8B-B0E9-4C3A-97E6-65D638CA07E3}
	EndGlobalSection
EndGlobal
