
Microsoft Visual Studio Solution File, Format Version 12.00
# Visual Studio Version 16
VisualStudioVersion = 16.0.29409.12
MinimumVisualStudioVersion = 10.0.40219.1
Project("{8BC9CEB8-8B4A-11D0-8D11-00A0C91BC942}") = "Programmers_SeoulToKyungsan_DP", "Programmers_SeoulToKyungsan_DP\Programmers_SeoulToKyungsan_DP.vcxproj", "{B50FC830-D45C-48C7-8547-F721647D098E}"
EndProject
Global
	GlobalSection(SolutionConfigurationPlatforms) = preSolution
		Debug|x64 = Debug|x64
		Debug|x86 = Debug|x86
		Release|x64 = Release|x64
		Release|x86 = Release|x86
	EndGlobalSection
	GlobalSection(ProjectConfigurationPlatforms) = postSolution
		{B50FC830-D45C-48C7-8547-F721647D098E}.Debug|x64.ActiveCfg = Debug|x64
		{B50FC830-D45C-48C7-8547-F721647D098E}.Debug|x64.Build.0 = Debug|x64
		{B50FC830-D45C-48C7-8547-F721647D098E}.Debug|x86.ActiveCfg = Debug|Win32
		{B50FC830-D45C-48C7-8547-F721647D098E}.Debug|x86.Build.0 = Debug|Win32
		{B50FC830-D45C-48C7-8547-F721647D098E}.Release|x64.ActiveCfg = Release|x64
		{B50FC830-D45C-48C7-8547-F721647D098E}.Release|x64.Build.0 = Release|x64
		{B50FC830-D45C-48C7-8547-F721647D098E}.Release|x86.ActiveCfg = Release|Win32
		{B50FC830-D45C-48C7-8547-F721647D098E}.Release|x86.Build.0 = Release|Win32
	EndGlobalSection
	GlobalSection(SolutionProperties) = preSolution
		HideSolutionNode = FALSE
	EndGlobalSection
	GlobalSection(ExtensibilityGlobals) = postSolution
		SolutionGuid = {E9B46A94-B3AF-493B-87BF-B5496BBB310A}
	EndGlobalSection
EndGlobal
