
Microsoft Visual Studio Solution File, Format Version 12.00
# Visual Studio Version 16
VisualStudioVersion = 16.0.29409.12
MinimumVisualStudioVersion = 10.0.40219.1
Project("{8BC9CEB8-8B4A-11D0-8D11-00A0C91BC942}") = "BaekJoon_2447_Star_Recursion", "BaekJoon_2447_Star_Recursion\BaekJoon_2447_Star_Recursion.vcxproj", "{21D53C14-A0FD-43FD-8E62-DCA74F7EB4DD}"
EndProject
Global
	GlobalSection(SolutionConfigurationPlatforms) = preSolution
		Debug|x64 = Debug|x64
		Debug|x86 = Debug|x86
		Release|x64 = Release|x64
		Release|x86 = Release|x86
	EndGlobalSection
	GlobalSection(ProjectConfigurationPlatforms) = postSolution
		{21D53C14-A0FD-43FD-8E62-DCA74F7EB4DD}.Debug|x64.ActiveCfg = Debug|x64
		{21D53C14-A0FD-43FD-8E62-DCA74F7EB4DD}.Debug|x64.Build.0 = Debug|x64
		{21D53C14-A0FD-43FD-8E62-DCA74F7EB4DD}.Debug|x86.ActiveCfg = Debug|Win32
		{21D53C14-A0FD-43FD-8E62-DCA74F7EB4DD}.Debug|x86.Build.0 = Debug|Win32
		{21D53C14-A0FD-43FD-8E62-DCA74F7EB4DD}.Release|x64.ActiveCfg = Release|x64
		{21D53C14-A0FD-43FD-8E62-DCA74F7EB4DD}.Release|x64.Build.0 = Release|x64
		{21D53C14-A0FD-43FD-8E62-DCA74F7EB4DD}.Release|x86.ActiveCfg = Release|Win32
		{21D53C14-A0FD-43FD-8E62-DCA74F7EB4DD}.Release|x86.Build.0 = Release|Win32
	EndGlobalSection
	GlobalSection(SolutionProperties) = preSolution
		HideSolutionNode = FALSE
	EndGlobalSection
	GlobalSection(ExtensibilityGlobals) = postSolution
		SolutionGuid = {317CE32A-2FEE-47EB-BCE7-E11E41E675BE}
	EndGlobalSection
EndGlobal
