
Microsoft Visual Studio Solution File, Format Version 12.00
# Visual Studio Version 16
VisualStudioVersion = 16.0.29409.12
MinimumVisualStudioVersion = 10.0.40219.1
Project("{8BC9CEB8-8B4A-11D0-8D11-00A0C91BC942}") = "SamsungSWEA_1206_View", "SamsungSWEA_1206_View\SamsungSWEA_1206_View.vcxproj", "{B104F697-B93C-47B9-A7A4-827A9B7C8A29}"
EndProject
Global
	GlobalSection(SolutionConfigurationPlatforms) = preSolution
		Debug|x64 = Debug|x64
		Debug|x86 = Debug|x86
		Release|x64 = Release|x64
		Release|x86 = Release|x86
	EndGlobalSection
	GlobalSection(ProjectConfigurationPlatforms) = postSolution
		{B104F697-B93C-47B9-A7A4-827A9B7C8A29}.Debug|x64.ActiveCfg = Debug|x64
		{B104F697-B93C-47B9-A7A4-827A9B7C8A29}.Debug|x64.Build.0 = Debug|x64
		{B104F697-B93C-47B9-A7A4-827A9B7C8A29}.Debug|x86.ActiveCfg = Debug|Win32
		{B104F697-B93C-47B9-A7A4-827A9B7C8A29}.Debug|x86.Build.0 = Debug|Win32
		{B104F697-B93C-47B9-A7A4-827A9B7C8A29}.Release|x64.ActiveCfg = Release|x64
		{B104F697-B93C-47B9-A7A4-827A9B7C8A29}.Release|x64.Build.0 = Release|x64
		{B104F697-B93C-47B9-A7A4-827A9B7C8A29}.Release|x86.ActiveCfg = Release|Win32
		{B104F697-B93C-47B9-A7A4-827A9B7C8A29}.Release|x86.Build.0 = Release|Win32
	EndGlobalSection
	GlobalSection(SolutionProperties) = preSolution
		HideSolutionNode = FALSE
	EndGlobalSection
	GlobalSection(ExtensibilityGlobals) = postSolution
		SolutionGuid = {E3128BB3-BB8F-42D0-9673-18AEDCF8B796}
	EndGlobalSection
EndGlobal
