
Microsoft Visual Studio Solution File, Format Version 12.00
# Visual Studio Version 16
VisualStudioVersion = 16.0.29209.62
MinimumVisualStudioVersion = 10.0.40219.1
Project("{8BC9CEB8-8B4A-11D0-8D11-00A0C91BC942}") = "BOJ_2331_RepeatingSequence", "BOJ_2331_RepeatingSequence\BOJ_2331_RepeatingSequence.vcxproj", "{EAF68513-5EFD-4B2B-AA8D-2ACABE0919FC}"
EndProject
Global
	GlobalSection(SolutionConfigurationPlatforms) = preSolution
		Debug|x64 = Debug|x64
		Debug|x86 = Debug|x86
		Release|x64 = Release|x64
		Release|x86 = Release|x86
	EndGlobalSection
	GlobalSection(ProjectConfigurationPlatforms) = postSolution
		{EAF68513-5EFD-4B2B-AA8D-2ACABE0919FC}.Debug|x64.ActiveCfg = Debug|x64
		{EAF68513-5EFD-4B2B-AA8D-2ACABE0919FC}.Debug|x64.Build.0 = Debug|x64
		{EAF68513-5EFD-4B2B-AA8D-2ACABE0919FC}.Debug|x86.ActiveCfg = Debug|Win32
		{EAF68513-5EFD-4B2B-AA8D-2ACABE0919FC}.Debug|x86.Build.0 = Debug|Win32
		{EAF68513-5EFD-4B2B-AA8D-2ACABE0919FC}.Release|x64.ActiveCfg = Release|x64
		{EAF68513-5EFD-4B2B-AA8D-2ACABE0919FC}.Release|x64.Build.0 = Release|x64
		{EAF68513-5EFD-4B2B-AA8D-2ACABE0919FC}.Release|x86.ActiveCfg = Release|Win32
		{EAF68513-5EFD-4B2B-AA8D-2ACABE0919FC}.Release|x86.Build.0 = Release|Win32
	EndGlobalSection
	GlobalSection(SolutionProperties) = preSolution
		HideSolutionNode = FALSE
	EndGlobalSection
	GlobalSection(ExtensibilityGlobals) = postSolution
		SolutionGuid = {C01D6C4F-3948-4EE0-90D9-76A51CA0ABB8}
	EndGlobalSection
EndGlobal
