
Microsoft Visual Studio Solution File, Format Version 12.00
# Visual Studio Version 16
VisualStudioVersion = 16.0.29409.12
MinimumVisualStudioVersion = 10.0.40219.1
Project("{8BC9CEB8-8B4A-11D0-8D11-00A0C91BC942}") = "BOJ_10610_30_Greedy", "BOJ_10610_30_Greedy\BOJ_10610_30_Greedy.vcxproj", "{1C307ABB-5FDD-4C78-AB9D-16CF81A07B70}"
EndProject
Global
	GlobalSection(SolutionConfigurationPlatforms) = preSolution
		Debug|x64 = Debug|x64
		Debug|x86 = Debug|x86
		Release|x64 = Release|x64
		Release|x86 = Release|x86
	EndGlobalSection
	GlobalSection(ProjectConfigurationPlatforms) = postSolution
		{1C307ABB-5FDD-4C78-AB9D-16CF81A07B70}.Debug|x64.ActiveCfg = Debug|x64
		{1C307ABB-5FDD-4C78-AB9D-16CF81A07B70}.Debug|x64.Build.0 = Debug|x64
		{1C307ABB-5FDD-4C78-AB9D-16CF81A07B70}.Debug|x86.ActiveCfg = Debug|Win32
		{1C307ABB-5FDD-4C78-AB9D-16CF81A07B70}.Debug|x86.Build.0 = Debug|Win32
		{1C307ABB-5FDD-4C78-AB9D-16CF81A07B70}.Release|x64.ActiveCfg = Release|x64
		{1C307ABB-5FDD-4C78-AB9D-16CF81A07B70}.Release|x64.Build.0 = Release|x64
		{1C307ABB-5FDD-4C78-AB9D-16CF81A07B70}.Release|x86.ActiveCfg = Release|Win32
		{1C307ABB-5FDD-4C78-AB9D-16CF81A07B70}.Release|x86.Build.0 = Release|Win32
	EndGlobalSection
	GlobalSection(SolutionProperties) = preSolution
		HideSolutionNode = FALSE
	EndGlobalSection
	GlobalSection(ExtensibilityGlobals) = postSolution
		SolutionGuid = {E826B953-C0A7-4A88-AF1C-4256AD7E82AC}
	EndGlobalSection
EndGlobal
